
Microsoft Visual Studio Solution File, Format Version 12.00
# Visual Studio Version 17
VisualStudioVersion = 17.9.34616.47
MinimumVisualStudioVersion = 10.0.40219.1
Project("{9A19103F-16F7-4668-BE54-9A1E7A4F7556}") = "Project Blenordia", "Core\Project Blenordia.csproj", "{DE366C20-3A65-495E-B823-B35460F66D09}"
EndProject
Project("{9A19103F-16F7-4668-BE54-9A1E7A4F7556}") = "MapGenerator", "Map Generator\MapGenerator.csproj", "{928EDD24-2BAA-4F13-9079-C6B4B8F36D5E}"
EndProject
Project("{2150E333-8FDC-42A3-9474-1A3956D46DE8}") = "Solution Items", "Solution Items", "{D00948D0-57E3-46D9-93DF-135CBAC712F1}"
EndProject
Global
	GlobalSection(SolutionConfigurationPlatforms) = preSolution
		Debug|Any CPU = Debug|Any CPU
		Release|Any CPU = Release|Any CPU
	EndGlobalSection
	GlobalSection(ProjectConfigurationPlatforms) = postSolution
		{DE366C20-3A65-495E-B823-B35460F66D09}.Debug|Any CPU.ActiveCfg = Debug|Any CPU
		{DE366C20-3A65-495E-B823-B35460F66D09}.Debug|Any CPU.Build.0 = Debug|Any CPU
		{DE366C20-3A65-495E-B823-B35460F66D09}.Release|Any CPU.ActiveCfg = Release|Any CPU
		{DE366C20-3A65-495E-B823-B35460F66D09}.Release|Any CPU.Build.0 = Release|Any CPU
		{928EDD24-2BAA-4F13-9079-C6B4B8F36D5E}.Debug|Any CPU.ActiveCfg = Debug|Any CPU
		{928EDD24-2BAA-4F13-9079-C6B4B8F36D5E}.Debug|Any CPU.Build.0 = Debug|Any CPU
		{928EDD24-2BAA-4F13-9079-C6B4B8F36D5E}.Release|Any CPU.ActiveCfg = Release|Any CPU
		{928EDD24-2BAA-4F13-9079-C6B4B8F36D5E}.Release|Any CPU.Build.0 = Release|Any CPU
	EndGlobalSection
	GlobalSection(SolutionProperties) = preSolution
		HideSolutionNode = FALSE
	EndGlobalSection
	GlobalSection(ExtensibilityGlobals) = postSolution
		SolutionGuid = {01292C8B-191A-4499-BFA3-398A0DFD82C6}
	EndGlobalSection
EndGlobal
